
Microsoft Visual Studio Solution File, Format Version 12.00
# Visual Studio 15
VisualStudioVersion = 15.0.26430.16
MinimumVisualStudioVersion = 10.0.40219.1
Project("{FAE04EC0-301F-11D3-BF4B-00C04F79EFBC}") = "Hello", "Hello\Hello.csproj", "{43D3A9D9-D831-46CD-BE33-1DE6770DB406}"
EndProject
Project("{FAE04EC0-301F-11D3-BF4B-00C04F79EFBC}") = "OOdemot", "OOdemot\OOdemot.csproj", "{647E5B70-F18B-4837-8A73-4FCAFA7B4CB9}"
EndProject
Project("{FAE04EC0-301F-11D3-BF4B-00C04F79EFBC}") = "Labrat01_05", "Labrat\Labrat01_05.csproj", "{8B5A2F3C-8E0F-47CC-8FD2-F70C1EB8EAE2}"
EndProject
Project("{FAE04EC0-301F-11D3-BF4B-00C04F79EFBC}") = "Labra06", "Labra06\Labra06.csproj", "{E46EEF97-2A43-469E-903E-C273B1EFEB8D}"
EndProject
Project("{FAE04EC0-301F-11D3-BF4B-00C04F79EFBC}") = "Labra6_1", "Labra6_1\Labra6_1.csproj", "{FED3EB43-3979-465A-B3DE-280F9EE8DA05}"
EndProject
Project("{FAE04EC0-301F-11D3-BF4B-00C04F79EFBC}") = "Lab06_3", "Lab06_3\Lab06_3.csproj", "{4204B92B-C421-4A4C-832C-139D4F242BB9}"
EndProject
Project("{FAE04EC0-301F-11D3-BF4B-00C04F79EFBC}") = "Labra8", "Labra8\Labra8.csproj", "{93FEC3C1-7544-4A39-A730-18911B13EDB3}"
EndProject
Project("{FAE04EC0-301F-11D3-BF4B-00C04F79EFBC}") = "WpfDemo", "WpfDemo\WpfDemo.csproj", "{E118D8F7-CC43-4902-BB26-82835C7CBD89}"
EndProject
Project("{FAE04EC0-301F-11D3-BF4B-00C04F79EFBC}") = "Lab10_1", "Lab10_1\Lab10_1.csproj", "{D65E7B8F-5D85-404D-B3D6-5DDEA1D9805F}"
EndProject
Project("{FAE04EC0-301F-11D3-BF4B-00C04F79EFBC}") = "Lab10_2", "Lab10_2\Lab10_2.csproj", "{C623B74D-D523-4009-B19A-29E5DFFA4F07}"
EndProject
Global
	GlobalSection(SolutionConfigurationPlatforms) = preSolution
		Debug|Any CPU = Debug|Any CPU
		Release|Any CPU = Release|Any CPU
	EndGlobalSection
	GlobalSection(ProjectConfigurationPlatforms) = postSolution
		{43D3A9D9-D831-46CD-BE33-1DE6770DB406}.Debug|Any CPU.ActiveCfg = Debug|Any CPU
		{43D3A9D9-D831-46CD-BE33-1DE6770DB406}.Debug|Any CPU.Build.0 = Debug|Any CPU
		{43D3A9D9-D831-46CD-BE33-1DE6770DB406}.Release|Any CPU.ActiveCfg = Release|Any CPU
		{43D3A9D9-D831-46CD-BE33-1DE6770DB406}.Release|Any CPU.Build.0 = Release|Any CPU
		{647E5B70-F18B-4837-8A73-4FCAFA7B4CB9}.Debug|Any CPU.ActiveCfg = Debug|Any CPU
		{647E5B70-F18B-4837-8A73-4FCAFA7B4CB9}.Debug|Any CPU.Build.0 = Debug|Any CPU
		{647E5B70-F18B-4837-8A73-4FCAFA7B4CB9}.Release|Any CPU.ActiveCfg = Release|Any CPU
		{647E5B70-F18B-4837-8A73-4FCAFA7B4CB9}.Release|Any CPU.Build.0 = Release|Any CPU
		{8B5A2F3C-8E0F-47CC-8FD2-F70C1EB8EAE2}.Debug|Any CPU.ActiveCfg = Debug|Any CPU
		{8B5A2F3C-8E0F-47CC-8FD2-F70C1EB8EAE2}.Debug|Any CPU.Build.0 = Debug|Any CPU
		{8B5A2F3C-8E0F-47CC-8FD2-F70C1EB8EAE2}.Release|Any CPU.ActiveCfg = Release|Any CPU
		{8B5A2F3C-8E0F-47CC-8FD2-F70C1EB8EAE2}.Release|Any CPU.Build.0 = Release|Any CPU
		{E46EEF97-2A43-469E-903E-C273B1EFEB8D}.Debug|Any CPU.ActiveCfg = Debug|Any CPU
		{E46EEF97-2A43-469E-903E-C273B1EFEB8D}.Debug|Any CPU.Build.0 = Debug|Any CPU
		{E46EEF97-2A43-469E-903E-C273B1EFEB8D}.Release|Any CPU.ActiveCfg = Release|Any CPU
		{E46EEF97-2A43-469E-903E-C273B1EFEB8D}.Release|Any CPU.Build.0 = Release|Any CPU
		{FED3EB43-3979-465A-B3DE-280F9EE8DA05}.Debug|Any CPU.ActiveCfg = Debug|Any CPU
		{FED3EB43-3979-465A-B3DE-280F9EE8DA05}.Debug|Any CPU.Build.0 = Debug|Any CPU
		{FED3EB43-3979-465A-B3DE-280F9EE8DA05}.Release|Any CPU.ActiveCfg = Release|Any CPU
		{FED3EB43-3979-465A-B3DE-280F9EE8DA05}.Release|Any CPU.Build.0 = Release|Any CPU
		{4204B92B-C421-4A4C-832C-139D4F242BB9}.Debug|Any CPU.ActiveCfg = Debug|Any CPU
		{4204B92B-C421-4A4C-832C-139D4F242BB9}.Debug|Any CPU.Build.0 = Debug|Any CPU
		{4204B92B-C421-4A4C-832C-139D4F242BB9}.Release|Any CPU.ActiveCfg = Release|Any CPU
		{4204B92B-C421-4A4C-832C-139D4F242BB9}.Release|Any CPU.Build.0 = Release|Any CPU
		{93FEC3C1-7544-4A39-A730-18911B13EDB3}.Debug|Any CPU.ActiveCfg = Debug|Any CPU
		{93FEC3C1-7544-4A39-A730-18911B13EDB3}.Debug|Any CPU.Build.0 = Debug|Any CPU
		{93FEC3C1-7544-4A39-A730-18911B13EDB3}.Release|Any CPU.ActiveCfg = Release|Any CPU
		{93FEC3C1-7544-4A39-A730-18911B13EDB3}.Release|Any CPU.Build.0 = Release|Any CPU
		{E118D8F7-CC43-4902-BB26-82835C7CBD89}.Debug|Any CPU.ActiveCfg = Debug|Any CPU
		{E118D8F7-CC43-4902-BB26-82835C7CBD89}.Debug|Any CPU.Build.0 = Debug|Any CPU
		{E118D8F7-CC43-4902-BB26-82835C7CBD89}.Release|Any CPU.ActiveCfg = Release|Any CPU
		{E118D8F7-CC43-4902-BB26-82835C7CBD89}.Release|Any CPU.Build.0 = Release|Any CPU
		{D65E7B8F-5D85-404D-B3D6-5DDEA1D9805F}.Debug|Any CPU.ActiveCfg = Debug|Any CPU
		{D65E7B8F-5D85-404D-B3D6-5DDEA1D9805F}.Debug|Any CPU.Build.0 = Debug|Any CPU
		{D65E7B8F-5D85-404D-B3D6-5DDEA1D9805F}.Release|Any CPU.ActiveCfg = Release|Any CPU
		{D65E7B8F-5D85-404D-B3D6-5DDEA1D9805F}.Release|Any CPU.Build.0 = Release|Any CPU
		{C623B74D-D523-4009-B19A-29E5DFFA4F07}.Debug|Any CPU.ActiveCfg = Debug|Any CPU
		{C623B74D-D523-4009-B19A-29E5DFFA4F07}.Debug|Any CPU.Build.0 = Debug|Any CPU
		{C623B74D-D523-4009-B19A-29E5DFFA4F07}.Release|Any CPU.ActiveCfg = Release|Any CPU
		{C623B74D-D523-4009-B19A-29E5DFFA4F07}.Release|Any CPU.Build.0 = Release|Any CPU
	EndGlobalSection
	GlobalSection(SolutionProperties) = preSolution
		HideSolutionNode = FALSE
	EndGlobalSection
	GlobalSection(ExtensibilityGlobals) = postSolution
		SolutionGuid = {3F248A2D-929E-46E3-B86E-AF884498E6D4}
	EndGlobalSection
EndGlobal
